
Microsoft Visual Studio Solution File, Format Version 12.00
# Visual Studio Version 17
VisualStudioVersion = 17.1.32228.430
MinimumVisualStudioVersion = 10.0.40219.1
Project("{9A19103F-16F7-4668-BE54-9A1E7A4F7556}") = "DBBuild.With.CustomJournal", "DBBuild.With.CustomJournal\DBBuild.With.CustomJournal.csproj", "{60CBBC00-2A22-43AD-BD97-6DABC0134CA8}"
EndProject
Global
	GlobalSection(SolutionConfigurationPlatforms) = preSolution
		Debug|Any CPU = Debug|Any CPU
		Release|Any CPU = Release|Any CPU
	EndGlobalSection
	GlobalSection(ProjectConfigurationPlatforms) = postSolution
		{60CBBC00-2A22-43AD-BD97-6DABC0134CA8}.Debug|Any CPU.ActiveCfg = Debug|Any CPU
		{60CBBC00-2A22-43AD-BD97-6DABC0134CA8}.Debug|Any CPU.Build.0 = Debug|Any CPU
		{60CBBC00-2A22-43AD-BD97-6DABC0134CA8}.Release|Any CPU.ActiveCfg = Release|Any CPU
		{60CBBC00-2A22-43AD-BD97-6DABC0134CA8}.Release|Any CPU.Build.0 = Release|Any CPU
	EndGlobalSection
	GlobalSection(SolutionProperties) = preSolution
		HideSolutionNode = FALSE
	EndGlobalSection
	GlobalSection(ExtensibilityGlobals) = postSolution
		SolutionGuid = {CECA5F33-B195-46DA-A30A-19EA8B391746}
	EndGlobalSection
EndGlobal
